// !$*UTF8*$!
{
	archiveVersion = 1;
	classes = {
	};
	objectVersion = 77;
	objects = {

/* Begin PBXBuildFile section */
		D033FF952FCDCD28002A3028 /* LaunchScreen.storyboard in Resources */ = {isa = PBXBuildFile; fileRef = D033FF8F2FCDCD28002A3028 /* LaunchScreen.storyboard */; };
		D033FF972FCDCD28002A3028 /* Assets.xcassets in Resources */ = {isa = PBXBuildFile; fileRef = D033FF8C2FCDCD28002A3028 /* Assets.xcassets */; };
		D033FF982FCDCD28002A3028 /* Main.storyboard in Resources */ = {isa = PBXBuildFile; fileRef = D033FF912FCDCD28002A3028 /* Main.storyboard */; };
		D033FF992FCDCD28002A3028 /* AppDelegate.swift in Sources */ = {isa = PBXBuildFile; fileRef = D033FF8B2FCDCD28002A3028 /* AppDelegate.swift */; };
		D033FF9A2FCDCD28002A3028 /* ViewController.swift in Sources */ = {isa = PBXBuildFile; fileRef = D033FF932FCDCD28002A3028 /* ViewController.swift */; };
		D033FF9B2FCDCD28002A3028 /* SceneDelegate.swift in Sources */ = {isa = PBXBuildFile; fileRef = D033FF922FCDCD28002A3028 /* SceneDelegate.swift */; };
		D033FF9E2FCDCD34002A3028 /* ChipPageTests.swift in Sources */ = {isa = PBXBuildFile; fileRef = D033FF9C2FCDCD34002A3028 /* ChipPageTests.swift */; };
		D033FFA22FCDCD44002A3028 /* ChipPageUITestsLaunchTests.swift in Sources */ = {isa = PBXBuildFile; fileRef = D033FFA02FCDCD44002A3028 /* ChipPageUITestsLaunchTests.swift */; };
		D033FFA32FCDCD44002A3028 /* ChipPageUITests.swift in Sources */ = {isa = PBXBuildFile; fileRef = D033FF9F2FCDCD44002A3028 /* ChipPageUITests.swift */; };
		D033FFA52FCDDB74002A3028 /* CategoryViewController.swift in Sources */ = {isa = PBXBuildFile; fileRef = D033FFA42FCDDB74002A3028 /* CategoryViewController.swift */; };
		D033FFA82FCDDBEF002A3028 /* FollowerViewController.swift in Sources */ = {isa = PBXBuildFile; fileRef = D033FFA72FCDDBEF002A3028 /* FollowerViewController.swift */; };
		D033FFAA2FCDDBF6002A3028 /* FollowerViewController.storyboard in Resources */ = {isa = PBXBuildFile; fileRef = D033FFA92FCDDBF6002A3028 /* FollowerViewController.storyboard */; };
		D033FFAD2FCDDC04002A3028 /* FollowingViewController.storyboard in Resources */ = {isa = PBXBuildFile; fileRef = D033FFAC2FCDDC04002A3028 /* FollowingViewController.storyboard */; };
		D033FFB12FCDDC15002A3028 /* FollowingViewController.swift in Sources */ = {isa = PBXBuildFile; fileRef = D033FFB02FCDDC15002A3028 /* FollowingViewController.swift */; };
		D033FFB32FCDDCE9002A3028 /* CategoryViewController+Extensions.swift in Sources */ = {isa = PBXBuildFile; fileRef = D033FFB22FCDDCE9002A3028 /* CategoryViewController+Extensions.swift */; };
		D033FFB72FCDE48E002A3028 /* ChipCollectionViewCell.swift in Sources */ = {isa = PBXBuildFile; fileRef = D033FFB62FCDE48E002A3028 /* ChipCollectionViewCell.swift */; };
		D033FFB92FCDE5E7002A3028 /* data.json in Resources */ = {isa = PBXBuildFile; fileRef = D033FFB82FCDE5E7002A3028 /* data.json */; };
		D033FFBD2FCDE741002A3028 /* Bundle+Extension.swift in Sources */ = {isa = PBXBuildFile; fileRef = D033FFBC2FCDE741002A3028 /* Bundle+Extension.swift */; };
		D033FFBF2FCDE781002A3028 /* Model.swift in Sources */ = {isa = PBXBuildFile; fileRef = D033FFBE2FCDE781002A3028 /* Model.swift */; };
		D033FFC52FCF432A002A3028 /* IntroViewController.swift in Sources */ = {isa = PBXBuildFile; fileRef = D033FFC42FCF432A002A3028 /* IntroViewController.swift */; };
		D033FFC72FCF4331002A3028 /* IntroViewController.storyboard in Resources */ = {isa = PBXBuildFile; fileRef = D033FFC62FCF4331002A3028 /* IntroViewController.storyboard */; };
		D033FFC92FCF4387002A3028 /* CampingViewController.swift in Sources */ = {isa = PBXBuildFile; fileRef = D033FFC82FCF4387002A3028 /* CampingViewController.swift */; };
		D033FFCB2FCF4391002A3028 /* CampingViewController.storyboard in Resources */ = {isa = PBXBuildFile; fileRef = D033FFCA2FCF4391002A3028 /* CampingViewController.storyboard */; };
		D033FFCF2FCF47E8002A3028 /* OnboardViewController.swift in Sources */ = {isa = PBXBuildFile; fileRef = D033FFCE2FCF47E8002A3028 /* OnboardViewController.swift */; };
/* End PBXBuildFile section */

/* Begin PBXContainerItemProxy section */
		D033FF6E2FCDCCF3002A3028 /* PBXContainerItemProxy */ = {
			isa = PBXContainerItemProxy;
			containerPortal = D033FF4F2FCDCCF2002A3028 /* Project object */;
			proxyType = 1;
			remoteGlobalIDString = D033FF562FCDCCF2002A3028;
			remoteInfo = ChipPage;
		};
		D033FF782FCDCCF3002A3028 /* PBXContainerItemProxy */ = {
			isa = PBXContainerItemProxy;
			containerPortal = D033FF4F2FCDCCF2002A3028 /* Project object */;
			proxyType = 1;
			remoteGlobalIDString = D033FF562FCDCCF2002A3028;
			remoteInfo = ChipPage;
		};
/* End PBXContainerItemProxy section */

/* Begin PBXFileReference section */
		D033FF572FCDCCF2002A3028 /* ChipPage.app */ = {isa = PBXFileReference; explicitFileType = wrapper.application; includeInIndex = 0; path = ChipPage.app; sourceTree = BUILT_PRODUCTS_DIR; };
		D033FF6D2FCDCCF3002A3028 /* ChipPageTests.xctest */ = {isa = PBXFileReference; explicitFileType = wrapper.cfbundle; includeInIndex = 0; path = ChipPageTests.xctest; sourceTree = BUILT_PRODUCTS_DIR; };
		D033FF772FCDCCF3002A3028 /* ChipPageUITests.xctest */ = {isa = PBXFileReference; explicitFileType = wrapper.cfbundle; includeInIndex = 0; path = ChipPageUITests.xctest; sourceTree = BUILT_PRODUCTS_DIR; };
		D033FF8B2FCDCD28002A3028 /* AppDelegate.swift */ = {isa = PBXFileReference; lastKnownFileType = sourcecode.swift; path = AppDelegate.swift; sourceTree = "<group>"; };
		D033FF8C2FCDCD28002A3028 /* Assets.xcassets */ = {isa = PBXFileReference; lastKnownFileType = folder.assetcatalog; path = Assets.xcassets; sourceTree = "<group>"; };
		D033FF8D2FCDCD28002A3028 /* Info.plist */ = {isa = PBXFileReference; lastKnownFileType = text.plist.xml; path = Info.plist; sourceTree = "<group>"; };
		D033FF8E2FCDCD28002A3028 /* Base */ = {isa = PBXFileReference; lastKnownFileType = file.storyboard; name = Base; path = Base.lproj/LaunchScreen.storyboard; sourceTree = "<group>"; };
		D033FF902FCDCD28002A3028 /* Base */ = {isa = PBXFileReference; lastKnownFileType = file.storyboard; name = Base; path = Base.lproj/Main.storyboard; sourceTree = "<group>"; };
		D033FF922FCDCD28002A3028 /* SceneDelegate.swift */ = {isa = PBXFileReference; lastKnownFileType = sourcecode.swift; path = SceneDelegate.swift; sourceTree = "<group>"; };
		D033FF932FCDCD28002A3028 /* ViewController.swift */ = {isa = PBXFileReference; lastKnownFileType = sourcecode.swift; path = ViewController.swift; sourceTree = "<group>"; };
		D033FF9C2FCDCD34002A3028 /* ChipPageTests.swift */ = {isa = PBXFileReference; lastKnownFileType = sourcecode.swift; path = ChipPageTests.swift; sourceTree = "<group>"; };
		D033FF9F2FCDCD44002A3028 /* ChipPageUITests.swift */ = {isa = PBXFileReference; lastKnownFileType = sourcecode.swift; path = ChipPageUITests.swift; sourceTree = "<group>"; };
		D033FFA02FCDCD44002A3028 /* ChipPageUITestsLaunchTests.swift */ = {isa = PBXFileReference; lastKnownFileType = sourcecode.swift; path = ChipPageUITestsLaunchTests.swift; sourceTree = "<group>"; };
		D033FFA42FCDDB74002A3028 /* CategoryViewController.swift */ = {isa = PBXFileReference; lastKnownFileType = sourcecode.swift; path = CategoryViewController.swift; sourceTree = "<group>"; };
		D033FFA72FCDDBEF002A3028 /* FollowerViewController.swift */ = {isa = PBXFileReference; lastKnownFileType = sourcecode.swift; path = FollowerViewController.swift; sourceTree = "<group>"; };
		D033FFA92FCDDBF6002A3028 /* FollowerViewController.storyboard */ = {isa = PBXFileReference; lastKnownFileType = file.storyboard; path = FollowerViewController.storyboard; sourceTree = "<group>"; };
		D033FFAC2FCDDC04002A3028 /* FollowingViewController.storyboard */ = {isa = PBXFileReference; lastKnownFileType = file.storyboard; path = FollowingViewController.storyboard; sourceTree = "<group>"; };
		D033FFB02FCDDC15002A3028 /* FollowingViewController.swift */ = {isa = PBXFileReference; lastKnownFileType = sourcecode.swift; path = FollowingViewController.swift; sourceTree = "<group>"; };
		D033FFB22FCDDCE9002A3028 /* CategoryViewController+Extensions.swift */ = {isa = PBXFileReference; lastKnownFileType = sourcecode.swift; path = "CategoryViewController+Extensions.swift"; sourceTree = "<group>"; };
		D033FFB62FCDE48E002A3028 /* ChipCollectionViewCell.swift */ = {isa = PBXFileReference; lastKnownFileType = sourcecode.swift; path = ChipCollectionViewCell.swift; sourceTree = "<group>"; };
		D033FFB82FCDE5E7002A3028 /* data.json */ = {isa = PBXFileReference; lastKnownFileType = text.json; path = data.json; sourceTree = "<group>"; };
		D033FFBC2FCDE741002A3028 /* Bundle+Extension.swift */ = {isa = PBXFileReference; lastKnownFileType = sourcecode.swift; path = "Bundle+Extension.swift"; sourceTree = "<group>"; };
		D033FFBE2FCDE781002A3028 /* Model.swift */ = {isa = PBXFileReference; lastKnownFileType = sourcecode.swift; path = Model.swift; sourceTree = "<group>"; };
		D033FFC42FCF432A002A3028 /* IntroViewController.swift */ = {isa = PBXFileReference; lastKnownFileType = sourcecode.swift; path = IntroViewController.swift; sourceTree = "<group>"; };
		D033FFC62FCF4331002A3028 /* IntroViewController.storyboard */ = {isa = PBXFileReference; lastKnownFileType = file.storyboard; path = IntroViewController.storyboard; sourceTree = "<group>"; };
		D033FFC82FCF4387002A3028 /* CampingViewController.swift */ = {isa = PBXFileReference; lastKnownFileType = sourcecode.swift; path = CampingViewController.swift; sourceTree = "<group>"; };
		D033FFCA2FCF4391002A3028 /* CampingViewController.storyboard */ = {isa = PBXFileReference; lastKnownFileType = file.storyboard; path = CampingViewController.storyboard; sourceTree = "<group>"; };
		D033FFCE2FCF47E8002A3028 /* OnboardViewController.swift */ = {isa = PBXFileReference; lastKnownFileType = sourcecode.swift; path = OnboardViewController.swift; sourceTree = "<group>"; };
/* End PBXFileReference section */

/* Begin PBXFrameworksBuildPhase section */
		D033FF542FCDCCF2002A3028 /* Frameworks */ = {
			isa = PBXFrameworksBuildPhase;
			buildActionMask = 2147483647;
			files = (
			);
			runOnlyForDeploymentPostprocessing = 0;
		};
		D033FF6A2FCDCCF3002A3028 /* Frameworks */ = {
			isa = PBXFrameworksBuildPhase;
			buildActionMask = 2147483647;
			files = (
			);
			runOnlyForDeploymentPostprocessing = 0;
		};
		D033FF742FCDCCF3002A3028 /* Frameworks */ = {
			isa = PBXFrameworksBuildPhase;
			buildActionMask = 2147483647;
			files = (
			);
			runOnlyForDeploymentPostprocessing = 0;
		};
/* End PBXFrameworksBuildPhase section */

/* Begin PBXGroup section */
		D033FF4E2FCDCCF2002A3028 = {
			isa = PBXGroup;
			children = (
				D033FFA12FCDCD44002A3028 /* ChipPageUITests */,
				D033FF9D2FCDCD34002A3028 /* ChipPageTests */,
				D033FF942FCDCD28002A3028 /* ChipPage */,
				D033FF582FCDCCF2002A3028 /* Products */,
			);
			sourceTree = "<group>";
		};
		D033FF582FCDCCF2002A3028 /* Products */ = {
			isa = PBXGroup;
			children = (
				D033FF572FCDCCF2002A3028 /* ChipPage.app */,
				D033FF6D2FCDCCF3002A3028 /* ChipPageTests.xctest */,
				D033FF772FCDCCF3002A3028 /* ChipPageUITests.xctest */,
			);
			name = Products;
			sourceTree = "<group>";
		};
		D033FF942FCDCD28002A3028 /* ChipPage */ = {
			isa = PBXGroup;
			children = (
				D033FF8B2FCDCD28002A3028 /* AppDelegate.swift */,
				D033FF922FCDCD28002A3028 /* SceneDelegate.swift */,
				D033FFB52FCDE458002A3028 /* CategoryViewController */,
				D033FF932FCDCD28002A3028 /* ViewController.swift */,
				D033FFCE2FCF47E8002A3028 /* OnboardViewController.swift */,
				D033FFBC2FCDE741002A3028 /* Bundle+Extension.swift */,
				D033FFC22FCF42FB002A3028 /* Onboard_1 */,
				D033FFC32FCF4309002A3028 /* Onboard_2 */,
				D033FFAB2FCDDBF9002A3028 /* FollowingViewController */,
				D033FFA62FCDDBD2002A3028 /* FollowerViewController */,
				D033FF912FCDCD28002A3028 /* Main.storyboard */,
				D033FF8F2FCDCD28002A3028 /* LaunchScreen.storyboard */,
				D033FF8C2FCDCD28002A3028 /* Assets.xcassets */,
				D033FF8D2FCDCD28002A3028 /* Info.plist */,
				D033FFB82FCDE5E7002A3028 /* data.json */,
			);
			path = ChipPage;
			sourceTree = "<group>";
		};
		D033FF9D2FCDCD34002A3028 /* ChipPageTests */ = {
			isa = PBXGroup;
			children = (
				D033FF9C2FCDCD34002A3028 /* ChipPageTests.swift */,
			);
			path = ChipPageTests;
			sourceTree = "<group>";
		};
		D033FFA12FCDCD44002A3028 /* ChipPageUITests */ = {
			isa = PBXGroup;
			children = (
				D033FF9F2FCDCD44002A3028 /* ChipPageUITests.swift */,
				D033FFA02FCDCD44002A3028 /* ChipPageUITestsLaunchTests.swift */,
			);
			path = ChipPageUITests;
			sourceTree = SOURCE_ROOT;
		};
		D033FFA62FCDDBD2002A3028 /* FollowerViewController */ = {
			isa = PBXGroup;
			children = (
				D033FFA72FCDDBEF002A3028 /* FollowerViewController.swift */,
				D033FFA92FCDDBF6002A3028 /* FollowerViewController.storyboard */,
			);
			path = FollowerViewController;
			sourceTree = "<group>";
		};
		D033FFAB2FCDDBF9002A3028 /* FollowingViewController */ = {
			isa = PBXGroup;
			children = (
				D033FFAC2FCDDC04002A3028 /* FollowingViewController.storyboard */,
				D033FFB02FCDDC15002A3028 /* FollowingViewController.swift */,
			);
			path = FollowingViewController;
			sourceTree = "<group>";
		};
		D033FFB42FCDE44D002A3028 /* ChipView */ = {
			isa = PBXGroup;
			children = (
				D033FFB62FCDE48E002A3028 /* ChipCollectionViewCell.swift */,
			);
			path = ChipView;
			sourceTree = "<group>";
		};
		D033FFB52FCDE458002A3028 /* CategoryViewController */ = {
			isa = PBXGroup;
			children = (
				D033FFB42FCDE44D002A3028 /* ChipView */,
				D033FFA42FCDDB74002A3028 /* CategoryViewController.swift */,
				D033FFB22FCDDCE9002A3028 /* CategoryViewController+Extensions.swift */,
				D033FFBE2FCDE781002A3028 /* Model.swift */,
			);
			path = CategoryViewController;
			sourceTree = "<group>";
		};
		D033FFC22FCF42FB002A3028 /* Onboard_1 */ = {
			isa = PBXGroup;
			children = (
				D033FFC42FCF432A002A3028 /* IntroViewController.swift */,
				D033FFC62FCF4331002A3028 /* IntroViewController.storyboard */,
			);
			path = Onboard_1;
			sourceTree = "<group>";
		};
		D033FFC32FCF4309002A3028 /* Onboard_2 */ = {
			isa = PBXGroup;
			children = (
				D033FFC82FCF4387002A3028 /* CampingViewController.swift */,
				D033FFCA2FCF4391002A3028 /* CampingViewController.storyboard */,
			);
			path = Onboard_2;
			sourceTree = "<group>";
		};
/* End PBXGroup section */

/* Begin PBXNativeTarget section */
		D033FF562FCDCCF2002A3028 /* ChipPage */ = {
			isa = PBXNativeTarget;
			buildConfigurationList = D033FF802FCDCCF3002A3028 /* Build configuration list for PBXNativeTarget "ChipPage" */;
			buildPhases = (
				D033FF532FCDCCF2002A3028 /* Sources */,
				D033FF542FCDCCF2002A3028 /* Frameworks */,
				D033FF552FCDCCF2002A3028 /* Resources */,
			);
			buildRules = (
			);
			dependencies = (
			);
			name = ChipPage;
			packageProductDependencies = (
			);
			productName = ChipPage;
			productReference = D033FF572FCDCCF2002A3028 /* ChipPage.app */;
			productType = "com.apple.product-type.application";
		};
		D033FF6C2FCDCCF3002A3028 /* ChipPageTests */ = {
			isa = PBXNativeTarget;
			buildConfigurationList = D033FF852FCDCCF3002A3028 /* Build configuration list for PBXNativeTarget "ChipPageTests" */;
			buildPhases = (
				D033FF692FCDCCF3002A3028 /* Sources */,
				D033FF6A2FCDCCF3002A3028 /* Frameworks */,
				D033FF6B2FCDCCF3002A3028 /* Resources */,
			);
			buildRules = (
			);
			dependencies = (
				D033FF6F2FCDCCF3002A3028 /* PBXTargetDependency */,
			);
			name = ChipPageTests;
			packageProductDependencies = (
			);
			productName = ChipPageTests;
			productReference = D033FF6D2FCDCCF3002A3028 /* ChipPageTests.xctest */;
			productType = "com.apple.product-type.bundle.unit-test";
		};
		D033FF762FCDCCF3002A3028 /* ChipPageUITests */ = {
			isa = PBXNativeTarget;
			buildConfigurationList = D033FF882FCDCCF3002A3028 /* Build configuration list for PBXNativeTarget "ChipPageUITests" */;
			buildPhases = (
				D033FF732FCDCCF3002A3028 /* Sources */,
				D033FF742FCDCCF3002A3028 /* Frameworks */,
				D033FF752FCDCCF3002A3028 /* Resources */,
			);
			buildRules = (
			);
			dependencies = (
				D033FF792FCDCCF3002A3028 /* PBXTargetDependency */,
			);
			name = ChipPageUITests;
			packageProductDependencies = (
			);
			productName = ChipPageUITests;
			productReference = D033FF772FCDCCF3002A3028 /* ChipPageUITests.xctest */;
			productType = "com.apple.product-type.bundle.ui-testing";
		};
/* End PBXNativeTarget section */

/* Begin PBXProject section */
		D033FF4F2FCDCCF2002A3028 /* Project object */ = {
			isa = PBXProject;
			attributes = {
				BuildIndependentTargetsInParallel = 1;
				LastSwiftUpdateCheck = 2640;
				LastUpgradeCheck = 2640;
				TargetAttributes = {
					D033FF562FCDCCF2002A3028 = {
						CreatedOnToolsVersion = 26.4.1;
					};
					D033FF6C2FCDCCF3002A3028 = {
						CreatedOnToolsVersion = 26.4.1;
						TestTargetID = D033FF562FCDCCF2002A3028;
					};
					D033FF762FCDCCF3002A3028 = {
						CreatedOnToolsVersion = 26.4.1;
						TestTargetID = D033FF562FCDCCF2002A3028;
					};
				};
			};
			buildConfigurationList = D033FF522FCDCCF2002A3028 /* Build configuration list for PBXProject "ChipPage" */;
			developmentRegion = en;
			hasScannedForEncodings = 0;
			knownRegions = (
				en,
				Base,
			);
			mainGroup = D033FF4E2FCDCCF2002A3028;
			minimizedProjectReferenceProxies = 1;
			preferredProjectObjectVersion = 77;
			productRefGroup = D033FF582FCDCCF2002A3028 /* Products */;
			projectDirPath = "";
			projectRoot = "";
			targets = (
				D033FF562FCDCCF2002A3028 /* ChipPage */,
				D033FF6C2FCDCCF3002A3028 /* ChipPageTests */,
				D033FF762FCDCCF3002A3028 /* ChipPageUITests */,
			);
		};
/* End PBXProject section */

/* Begin PBXResourcesBuildPhase section */
		D033FF552FCDCCF2002A3028 /* Resources */ = {
			isa = PBXResourcesBuildPhase;
			buildActionMask = 2147483647;
			files = (
				D033FFB92FCDE5E7002A3028 /* data.json in Resources */,
				D033FF952FCDCD28002A3028 /* LaunchScreen.storyboard in Resources */,
				D033FFCB2FCF4391002A3028 /* CampingViewController.storyboard in Resources */,
				D033FFC72FCF4331002A3028 /* IntroViewController.storyboard in Resources */,
				D033FF972FCDCD28002A3028 /* Assets.xcassets in Resources */,
				D033FF982FCDCD28002A3028 /* Main.storyboard in Resources */,
				D033FFAD2FCDDC04002A3028 /* FollowingViewController.storyboard in Resources */,
				D033FFAA2FCDDBF6002A3028 /* FollowerViewController.storyboard in Resources */,
			);
			runOnlyForDeploymentPostprocessing = 0;
		};
		D033FF6B2FCDCCF3002A3028 /* Resources */ = {
			isa = PBXResourcesBuildPhase;
			buildActionMask = 2147483647;
			files = (
			);
			runOnlyForDeploymentPostprocessing = 0;
		};
		D033FF752FCDCCF3002A3028 /* Resources */ = {
			isa = PBXResourcesBuildPhase;
			buildActionMask = 2147483647;
			files = (
			);
			runOnlyForDeploymentPostprocessing = 0;
		};
/* End PBXResourcesBuildPhase section */

/* Begin PBXSourcesBuildPhase section */
		D033FF532FCDCCF2002A3028 /* Sources */ = {
			isa = PBXSourcesBuildPhase;
			buildActionMask = 2147483647;
			files = (
				D033FFA52FCDDB74002A3028 /* CategoryViewController.swift in Sources */,
				D033FFBD2FCDE741002A3028 /* Bundle+Extension.swift in Sources */,
				D033FF992FCDCD28002A3028 /* AppDelegate.swift in Sources */,
				D033FFC52FCF432A002A3028 /* IntroViewController.swift in Sources */,
				D033FFB72FCDE48E002A3028 /* ChipCollectionViewCell.swift in Sources */,
				D033FF9A2FCDCD28002A3028 /* ViewController.swift in Sources */,
				D033FFC92FCF4387002A3028 /* CampingViewController.swift in Sources */,
				D033FFCF2FCF47E8002A3028 /* OnboardViewController.swift in Sources */,
				D033FFBF2FCDE781002A3028 /* Model.swift in Sources */,
				D033FFA82FCDDBEF002A3028 /* FollowerViewController.swift in Sources */,
				D033FFB12FCDDC15002A3028 /* FollowingViewController.swift in Sources */,
				D033FFB32FCDDCE9002A3028 /* CategoryViewController+Extensions.swift in Sources */,
				D033FF9B2FCDCD28002A3028 /* SceneDelegate.swift in Sources */,
			);
			runOnlyForDeploymentPostprocessing = 0;
		};
		D033FF692FCDCCF3002A3028 /* Sources */ = {
			isa = PBXSourcesBuildPhase;
			buildActionMask = 2147483647;
			files = (
				D033FF9E2FCDCD34002A3028 /* ChipPageTests.swift in Sources */,
			);
			runOnlyForDeploymentPostprocessing = 0;
		};
		D033FF732FCDCCF3002A3028 /* Sources */ = {
			isa = PBXSourcesBuildPhase;
			buildActionMask = 2147483647;
			files = (
				D033FFA22FCDCD44002A3028 /* ChipPageUITestsLaunchTests.swift in Sources */,
				D033FFA32FCDCD44002A3028 /* ChipPageUITests.swift in Sources */,
			);
			runOnlyForDeploymentPostprocessing = 0;
		};
/* End PBXSourcesBuildPhase section */

/* Begin PBXTargetDependency section */
		D033FF6F2FCDCCF3002A3028 /* PBXTargetDependency */ = {
			isa = PBXTargetDependency;
			target = D033FF562FCDCCF2002A3028 /* ChipPage */;
			targetProxy = D033FF6E2FCDCCF3002A3028 /* PBXContainerItemProxy */;
		};
		D033FF792FCDCCF3002A3028 /* PBXTargetDependency */ = {
			isa = PBXTargetDependency;
			target = D033FF562FCDCCF2002A3028 /* ChipPage */;
			targetProxy = D033FF782FCDCCF3002A3028 /* PBXContainerItemProxy */;
		};
/* End PBXTargetDependency section */

/* Begin PBXVariantGroup section */
		D033FF8F2FCDCD28002A3028 /* LaunchScreen.storyboard */ = {
			isa = PBXVariantGroup;
			children = (
				D033FF8E2FCDCD28002A3028 /* Base */,
			);
			name = LaunchScreen.storyboard;
			sourceTree = "<group>";
		};
		D033FF912FCDCD28002A3028 /* Main.storyboard */ = {
			isa = PBXVariantGroup;
			children = (
				D033FF902FCDCD28002A3028 /* Base */,
			);
			name = Main.storyboard;
			sourceTree = "<group>";
		};
/* End PBXVariantGroup section */

/* Begin XCBuildConfiguration section */
		D033FF812FCDCCF3002A3028 /* Debug */ = {
			isa = XCBuildConfiguration;
			buildSettings = {
				ASSETCATALOG_COMPILER_APPICON_NAME = AppIcon;
				ASSETCATALOG_COMPILER_GLOBAL_ACCENT_COLOR_NAME = AccentColor;
				CODE_SIGN_STYLE = Automatic;
				CURRENT_PROJECT_VERSION = 1;
				DEVELOPMENT_TEAM = 48S84T7Z5G;
				GENERATE_INFOPLIST_FILE = YES;
				INFOPLIST_FILE = ChipPage/Info.plist;
				INFOPLIST_KEY_CFBundleDisplayName = ChipPage;
				INFOPLIST_KEY_LSApplicationCategoryType = "public.app-category.utilities";
				INFOPLIST_KEY_UIApplicationSupportsIndirectInputEvents = YES;
				INFOPLIST_KEY_UILaunchStoryboardName = LaunchScreen;
				INFOPLIST_KEY_UIMainStoryboardFile = Main;
				INFOPLIST_KEY_UISupportedInterfaceOrientations_iPad = "UIInterfaceOrientationPortrait UIInterfaceOrientationPortraitUpsideDown UIInterfaceOrientationLandscapeLeft UIInterfaceOrientationLandscapeRight";
				INFOPLIST_KEY_UISupportedInterfaceOrientations_iPhone = "UIInterfaceOrientationPortrait UIInterfaceOrientationLandscapeLeft UIInterfaceOrientationLandscapeRight";
				IPHONEOS_DEPLOYMENT_TARGET = 16.0;
				LD_RUNPATH_SEARCH_PATHS = (
					"$(inherited)",
					"@executable_path/Frameworks",
				);
				MARKETING_VERSION = 1.0;
				PRODUCT_BUNDLE_IDENTIFIER = com.wizardOs.ChipPage;
				PRODUCT_NAME = "$(TARGET_NAME)";
				STRING_CATALOG_GENERATE_SYMBOLS = YES;
				SUPPORTED_PLATFORMS = "iphoneos iphonesimulator";
				SUPPORTS_MACCATALYST = NO;
				SUPPORTS_MAC_DESIGNED_FOR_IPHONE_IPAD = NO;
				SUPPORTS_XR_DESIGNED_FOR_IPHONE_IPAD = NO;
				SWIFT_APPROACHABLE_CONCURRENCY = YES;
				SWIFT_DEFAULT_ACTOR_ISOLATION = MainActor;
				SWIFT_EMIT_LOC_STRINGS = YES;
				SWIFT_UPCOMING_FEATURE_MEMBER_IMPORT_VISIBILITY = YES;
				SWIFT_VERSION = 5.0;
				TARGETED_DEVICE_FAMILY = "1,2";
			};
			name = Debug;
		};
		D033FF822FCDCCF3002A3028 /* Release */ = {
			isa = XCBuildConfiguration;
			buildSettings = {
				ASSETCATALOG_COMPILER_APPICON_NAME = AppIcon;
				ASSETCATALOG_COMPILER_GLOBAL_ACCENT_COLOR_NAME = AccentColor;
				CODE_SIGN_STYLE = Automatic;
				CURRENT_PROJECT_VERSION = 1;
				DEVELOPMENT_TEAM = 48S84T7Z5G;
				GENERATE_INFOPLIST_FILE = YES;
				INFOPLIST_FILE = ChipPage/Info.plist;
				INFOPLIST_KEY_CFBundleDisplayName = ChipPage;
				INFOPLIST_KEY_LSApplicationCategoryType = "public.app-category.utilities";
				INFOPLIST_KEY_UIApplicationSupportsIndirectInputEvents = YES;
				INFOPLIST_KEY_UILaunchStoryboardName = LaunchScreen;
				INFOPLIST_KEY_UIMainStoryboardFile = Main;
				INFOPLIST_KEY_UISupportedInterfaceOrientations_iPad = "UIInterfaceOrientationPortrait UIInterfaceOrientationPortraitUpsideDown UIInterfaceOrientationLandscapeLeft UIInterfaceOrientationLandscapeRight";
				INFOPLIST_KEY_UISupportedInterfaceOrientations_iPhone = "UIInterfaceOrientationPortrait UIInterfaceOrientationLandscapeLeft UIInterfaceOrientationLandscapeRight";
				IPHONEOS_DEPLOYMENT_TARGET = 16.0;
				LD_RUNPATH_SEARCH_PATHS = (
					"$(inherited)",
					"@executable_path/Frameworks",
				);
				MARKETING_VERSION = 1.0;
				PRODUCT_BUNDLE_IDENTIFIER = com.wizardOs.ChipPage;
				PRODUCT_NAME = "$(TARGET_NAME)";
				STRING_CATALOG_GENERATE_SYMBOLS = YES;
				SUPPORTED_PLATFORMS = "iphoneos iphonesimulator";
				SUPPORTS_MACCATALYST = NO;
				SUPPORTS_MAC_DESIGNED_FOR_IPHONE_IPAD = NO;
				SUPPORTS_XR_DESIGNED_FOR_IPHONE_IPAD = NO;
				SWIFT_APPROACHABLE_CONCURRENCY = YES;
				SWIFT_DEFAULT_ACTOR_ISOLATION = MainActor;
				SWIFT_EMIT_LOC_STRINGS = YES;
				SWIFT_UPCOMING_FEATURE_MEMBER_IMPORT_VISIBILITY = YES;
				SWIFT_VERSION = 5.0;
				TARGETED_DEVICE_FAMILY = "1,2";
			};
			name = Release;
		};
		D033FF832FCDCCF3002A3028 /* Debug */ = {
			isa = XCBuildConfiguration;
			buildSettings = {
				ALWAYS_SEARCH_USER_PATHS = NO;
				ASSETCATALOG_COMPILER_GENERATE_SWIFT_ASSET_SYMBOL_EXTENSIONS = YES;
				CLANG_ANALYZER_NONNULL = YES;
				CLANG_ANALYZER_NUMBER_OBJECT_CONVERSION = YES_AGGRESSIVE;
				CLANG_CXX_LANGUAGE_STANDARD = "gnu++20";
				CLANG_ENABLE_MODULES = YES;
				CLANG_ENABLE_OBJC_ARC = YES;
				CLANG_ENABLE_OBJC_WEAK = YES;
				CLANG_WARN_BLOCK_CAPTURE_AUTORELEASING = YES;
				CLANG_WARN_BOOL_CONVERSION = YES;
				CLANG_WARN_COMMA = YES;
				CLANG_WARN_CONSTANT_CONVERSION = YES;
				CLANG_WARN_DEPRECATED_OBJC_IMPLEMENTATIONS = YES;
				CLANG_WARN_DIRECT_OBJC_ISA_USAGE = YES_ERROR;
				CLANG_WARN_DOCUMENTATION_COMMENTS = YES;
				CLANG_WARN_EMPTY_BODY = YES;
				CLANG_WARN_ENUM_CONVERSION = YES;
				CLANG_WARN_INFINITE_RECURSION = YES;
				CLANG_WARN_INT_CONVERSION = YES;
				CLANG_WARN_NON_LITERAL_NULL_CONVERSION = YES;
				CLANG_WARN_OBJC_IMPLICIT_RETAIN_SELF = YES;
				CLANG_WARN_OBJC_LITERAL_CONVERSION = YES;
				CLANG_WARN_OBJC_ROOT_CLASS = YES_ERROR;
				CLANG_WARN_QUOTED_INCLUDE_IN_FRAMEWORK_HEADER = YES;
				CLANG_WARN_RANGE_LOOP_ANALYSIS = YES;
				CLANG_WARN_STRICT_PROTOTYPES = YES;
				CLANG_WARN_SUSPICIOUS_MOVE = YES;
				CLANG_WARN_UNGUARDED_AVAILABILITY = YES_AGGRESSIVE;
				CLANG_WARN_UNREACHABLE_CODE = YES;
				CLANG_WARN__DUPLICATE_METHOD_MATCH = YES;
				COPY_PHASE_STRIP = NO;
				DEBUG_INFORMATION_FORMAT = dwarf;
				DEVELOPMENT_TEAM = 48S84T7Z5G;
				ENABLE_STRICT_OBJC_MSGSEND = YES;
				ENABLE_TESTABILITY = YES;
				ENABLE_USER_SCRIPT_SANDBOXING = YES;
				GCC_C_LANGUAGE_STANDARD = gnu17;
				GCC_DYNAMIC_NO_PIC = NO;
				GCC_NO_COMMON_BLOCKS = YES;
				GCC_OPTIMIZATION_LEVEL = 0;
				GCC_PREPROCESSOR_DEFINITIONS = (
					"DEBUG=1",
					"$(inherited)",
				);
				GCC_WARN_64_TO_32_BIT_CONVERSION = YES;
				GCC_WARN_ABOUT_RETURN_TYPE = YES_ERROR;
				GCC_WARN_UNDECLARED_SELECTOR = YES;
				GCC_WARN_UNINITIALIZED_AUTOS = YES_AGGRESSIVE;
				GCC_WARN_UNUSED_FUNCTION = YES;
				GCC_WARN_UNUSED_VARIABLE = YES;
				IPHONEOS_DEPLOYMENT_TARGET = 26.4;
				LOCALIZATION_PREFERS_STRING_CATALOGS = YES;
				MTL_ENABLE_DEBUG_INFO = INCLUDE_SOURCE;
				MTL_FAST_MATH = YES;
				ONLY_ACTIVE_ARCH = YES;
				SDKROOT = iphoneos;
				SWIFT_ACTIVE_COMPILATION_CONDITIONS = "DEBUG $(inherited)";
				SWIFT_OPTIMIZATION_LEVEL = "-Onone";
			};
			name = Debug;
		};
		D033FF842FCDCCF3002A3028 /* Release */ = {
			isa = XCBuildConfiguration;
			buildSettings = {
				ALWAYS_SEARCH_USER_PATHS = NO;
				ASSETCATALOG_COMPILER_GENERATE_SWIFT_ASSET_SYMBOL_EXTENSIONS = YES;
				CLANG_ANALYZER_NONNULL = YES;
				CLANG_ANALYZER_NUMBER_OBJECT_CONVERSION = YES_AGGRESSIVE;
				CLANG_CXX_LANGUAGE_STANDARD = "gnu++20";
				CLANG_ENABLE_MODULES = YES;
				CLANG_ENABLE_OBJC_ARC = YES;
				CLANG_ENABLE_OBJC_WEAK = YES;
				CLANG_WARN_BLOCK_CAPTURE_AUTORELEASING = YES;
				CLANG_WARN_BOOL_CONVERSION = YES;
				CLANG_WARN_COMMA = YES;
				CLANG_WARN_CONSTANT_CONVERSION = YES;
				CLANG_WARN_DEPRECATED_OBJC_IMPLEMENTATIONS = YES;
				CLANG_WARN_DIRECT_OBJC_ISA_USAGE = YES_ERROR;
				CLANG_WARN_DOCUMENTATION_COMMENTS = YES;
				CLANG_WARN_EMPTY_BODY = YES;
				CLANG_WARN_ENUM_CONVERSION = YES;
				CLANG_WARN_INFINITE_RECURSION = YES;
				CLANG_WARN_INT_CONVERSION = YES;
				CLANG_WARN_NON_LITERAL_NULL_CONVERSION = YES;
				CLANG_WARN_OBJC_IMPLICIT_RETAIN_SELF = YES;
				CLANG_WARN_OBJC_LITERAL_CONVERSION = YES;
				CLANG_WARN_OBJC_ROOT_CLASS = YES_ERROR;
				CLANG_WARN_QUOTED_INCLUDE_IN_FRAMEWORK_HEADER = YES;
				CLANG_WARN_RANGE_LOOP_ANALYSIS = YES;
				CLANG_WARN_STRICT_PROTOTYPES = YES;
				CLANG_WARN_SUSPICIOUS_MOVE = YES;
				CLANG_WARN_UNGUARDED_AVAILABILITY = YES_AGGRESSIVE;
				CLANG_WARN_UNREACHABLE_CODE = YES;
				CLANG_WARN__DUPLICATE_METHOD_MATCH = YES;
				COPY_PHASE_STRIP = NO;
				DEBUG_INFORMATION_FORMAT = "dwarf-with-dsym";
				DEVELOPMENT_TEAM = 48S84T7Z5G;
				ENABLE_NS_ASSERTIONS = NO;
				ENABLE_STRICT_OBJC_MSGSEND = YES;
				ENABLE_USER_SCRIPT_SANDBOXING = YES;
				GCC_C_LANGUAGE_STANDARD = gnu17;
				GCC_NO_COMMON_BLOCKS = YES;
				GCC_WARN_64_TO_32_BIT_CONVERSION = YES;
				GCC_WARN_ABOUT_RETURN_TYPE = YES_ERROR;
				GCC_WARN_UNDECLARED_SELECTOR = YES;
				GCC_WARN_UNINITIALIZED_AUTOS = YES_AGGRESSIVE;
				GCC_WARN_UNUSED_FUNCTION = YES;
				GCC_WARN_UNUSED_VARIABLE = YES;
				IPHONEOS_DEPLOYMENT_TARGET = 26.4;
				LOCALIZATION_PREFERS_STRING_CATALOGS = YES;
				MTL_ENABLE_DEBUG_INFO = NO;
				MTL_FAST_MATH = YES;
				SDKROOT = iphoneos;
				SWIFT_COMPILATION_MODE = wholemodule;
				VALIDATE_PRODUCT = YES;
			};
			name = Release;
		};
		D033FF862FCDCCF3002A3028 /* Debug */ = {
			isa = XCBuildConfiguration;
			buildSettings = {
				BUNDLE_LOADER = "$(TEST_HOST)";
				CODE_SIGN_STYLE = Automatic;
				CURRENT_PROJECT_VERSION = 1;
				DEVELOPMENT_TEAM = 48S84T7Z5G;
				GENERATE_INFOPLIST_FILE = YES;
				IPHONEOS_DEPLOYMENT_TARGET = 26.4;
				MARKETING_VERSION = 1.0;
				PRODUCT_BUNDLE_IDENTIFIER = com.wizardOs.ChipPageTests;
				PRODUCT_NAME = "$(TARGET_NAME)";
				STRING_CATALOG_GENERATE_SYMBOLS = NO;
				SWIFT_APPROACHABLE_CONCURRENCY = YES;
				SWIFT_EMIT_LOC_STRINGS = NO;
				SWIFT_UPCOMING_FEATURE_MEMBER_IMPORT_VISIBILITY = YES;
				SWIFT_VERSION = 5.0;
				TARGETED_DEVICE_FAMILY = "1,2";
				TEST_HOST = "$(BUILT_PRODUCTS_DIR)/ChipPage.app/$(BUNDLE_EXECUTABLE_FOLDER_PATH)/ChipPage";
			};
			name = Debug;
		};
		D033FF872FCDCCF3002A3028 /* Release */ = {
			isa = XCBuildConfiguration;
			buildSettings = {
				BUNDLE_LOADER = "$(TEST_HOST)";
				CODE_SIGN_STYLE = Automatic;
				CURRENT_PROJECT_VERSION = 1;
				DEVELOPMENT_TEAM = 48S84T7Z5G;
				GENERATE_INFOPLIST_FILE = YES;
				IPHONEOS_DEPLOYMENT_TARGET = 26.4;
				MARKETING_VERSION = 1.0;
				PRODUCT_BUNDLE_IDENTIFIER = com.wizardOs.ChipPageTests;
				PRODUCT_NAME = "$(TARGET_NAME)";
				STRING_CATALOG_GENERATE_SYMBOLS = NO;
				SWIFT_APPROACHABLE_CONCURRENCY = YES;
				SWIFT_EMIT_LOC_STRINGS = NO;
				SWIFT_UPCOMING_FEATURE_MEMBER_IMPORT_VISIBILITY = YES;
				SWIFT_VERSION = 5.0;
				TARGETED_DEVICE_FAMILY = "1,2";
				TEST_HOST = "$(BUILT_PRODUCTS_DIR)/ChipPage.app/$(BUNDLE_EXECUTABLE_FOLDER_PATH)/ChipPage";
			};
			name = Release;
		};
		D033FF892FCDCCF3002A3028 /* Debug */ = {
			isa = XCBuildConfiguration;
			buildSettings = {
				CODE_SIGN_STYLE = Automatic;
				CURRENT_PROJECT_VERSION = 1;
				DEVELOPMENT_TEAM = 48S84T7Z5G;
				GENERATE_INFOPLIST_FILE = YES;
				MARKETING_VERSION = 1.0;
				PRODUCT_BUNDLE_IDENTIFIER = com.wizardOs.ChipPageUITests;
				PRODUCT_NAME = "$(TARGET_NAME)";
				STRING_CATALOG_GENERATE_SYMBOLS = NO;
				SWIFT_APPROACHABLE_CONCURRENCY = YES;
				SWIFT_EMIT_LOC_STRINGS = NO;
				SWIFT_UPCOMING_FEATURE_MEMBER_IMPORT_VISIBILITY = YES;
				SWIFT_VERSION = 5.0;
				TARGETED_DEVICE_FAMILY = "1,2";
				TEST_TARGET_NAME = ChipPage;
			};
			name = Debug;
		};
		D033FF8A2FCDCCF3002A3028 /* Release */ = {
			isa = XCBuildConfiguration;
			buildSettings = {
				CODE_SIGN_STYLE = Automatic;
				CURRENT_PROJECT_VERSION = 1;
				DEVELOPMENT_TEAM = 48S84T7Z5G;
				GENERATE_INFOPLIST_FILE = YES;
				MARKETING_VERSION = 1.0;
				PRODUCT_BUNDLE_IDENTIFIER = com.wizardOs.ChipPageUITests;
				PRODUCT_NAME = "$(TARGET_NAME)";
				STRING_CATALOG_GENERATE_SYMBOLS = NO;
				SWIFT_APPROACHABLE_CONCURRENCY = YES;
				SWIFT_EMIT_LOC_STRINGS = NO;
				SWIFT_UPCOMING_FEATURE_MEMBER_IMPORT_VISIBILITY = YES;
				SWIFT_VERSION = 5.0;
				TARGETED_DEVICE_FAMILY = "1,2";
				TEST_TARGET_NAME = ChipPage;
			};
			name = Release;
		};
/* End XCBuildConfiguration section */

/* Begin XCConfigurationList section */
		D033FF522FCDCCF2002A3028 /* Build configuration list for PBXProject "ChipPage" */ = {
			isa = XCConfigurationList;
			buildConfigurations = (
				D033FF832FCDCCF3002A3028 /* Debug */,
				D033FF842FCDCCF3002A3028 /* Release */,
			);
			defaultConfigurationIsVisible = 0;
			defaultConfigurationName = Release;
		};
		D033FF802FCDCCF3002A3028 /* Build configuration list for PBXNativeTarget "ChipPage" */ = {
			isa = XCConfigurationList;
			buildConfigurations = (
				D033FF812FCDCCF3002A3028 /* Debug */,
				D033FF822FCDCCF3002A3028 /* Release */,
			);
			defaultConfigurationIsVisible = 0;
			defaultConfigurationName = Release;
		};
		D033FF852FCDCCF3002A3028 /* Build configuration list for PBXNativeTarget "ChipPageTests" */ = {
			isa = XCConfigurationList;
			buildConfigurations = (
				D033FF862FCDCCF3002A3028 /* Debug */,
				D033FF872FCDCCF3002A3028 /* Release */,
			);
			defaultConfigurationIsVisible = 0;
			defaultConfigurationName = Release;
		};
		D033FF882FCDCCF3002A3028 /* Build configuration list for PBXNativeTarget "ChipPageUITests" */ = {
			isa = XCConfigurationList;
			buildConfigurations = (
				D033FF892FCDCCF3002A3028 /* Debug */,
				D033FF8A2FCDCCF3002A3028 /* Release */,
			);
			defaultConfigurationIsVisible = 0;
			defaultConfigurationName = Release;
		};
/* End XCConfigurationList section */
	};
	rootObject = D033FF4F2FCDCCF2002A3028 /* Project object */;
}
